
Microsoft Visual Studio Solution File, Format Version 12.00
# Visual Studio Version 16
VisualStudioVersion = 16.0.28917.181
MinimumVisualStudioVersion = 10.0.40219.1
Project("{FAE04EC0-301F-11D3-BF4B-00C04F79EFBC}") = "Anime", "Anime\Anime.csproj", "{FC3815E3-4D61-48DF-8FC2-01B39514470E}"
EndProject
Global
	GlobalSection(SolutionConfigurationPlatforms) = preSolution
		Debug|Any CPU = Debug|Any CPU
		Release|Any CPU = Release|Any CPU
	EndGlobalSection
	GlobalSection(ProjectConfigurationPlatforms) = postSolution
		{FC3815E3-4D61-48DF-8FC2-01B39514470E}.Debug|Any CPU.ActiveCfg = Debug|Any CPU
		{FC3815E3-4D61-48DF-8FC2-01B39514470E}.Debug|Any CPU.Build.0 = Debug|Any CPU
		{FC3815E3-4D61-48DF-8FC2-01B39514470E}.Release|Any CPU.ActiveCfg = Release|Any CPU
		{FC3815E3-4D61-48DF-8FC2-01B39514470E}.Release|Any CPU.Build.0 = Release|Any CPU
	EndGlobalSection
	GlobalSection(SolutionProperties) = preSolution
		HideSolutionNode = FALSE
	EndGlobalSection
	GlobalSection(ExtensibilityGlobals) = postSolution
		SolutionGuid = {98311064-44AE-4C97-BFBE-7C5C2DE093F7}
	EndGlobalSection
EndGlobal
